// !$*UTF8*$!
{
	archiveVersion = 1;
	classes = {
	};
	objectVersion = 46;
	objects = {

/* Begin PBXBuildFile section */
		6262C5F857986ED93005C262 /* Pods_DOCPadChat.framework in Frameworks */ = {isa = PBXBuildFile; fileRef = 701C5E665FE629F7100C8134 /* Pods_DOCPadChat.framework */; };
		8008B7CB1CFF6F1E00C4FAE4 /* ChatController.swift in Sources */ = {isa = PBXBuildFile; fileRef = 8008B7CA1CFF6F1E00C4FAE4 /* ChatController.swift */; };
		8008B7CD1CFF6F2C00C4FAE4 /* ChatView.swift in Sources */ = {isa = PBXBuildFile; fileRef = 8008B7CC1CFF6F2C00C4FAE4 /* ChatView.swift */; };
		8008B7D11CFF701A00C4FAE4 /* UsefulFunctions.swift in Sources */ = {isa = PBXBuildFile; fileRef = 8008B7D01CFF701A00C4FAE4 /* UsefulFunctions.swift */; };
		8008B7D31CFF71A200C4FAE4 /* ChatMessageBar.swift in Sources */ = {isa = PBXBuildFile; fileRef = 8008B7D21CFF71A200C4FAE4 /* ChatMessageBar.swift */; };
		8008B7D61CFF741300C4FAE4 /* MainNavigationController.swift in Sources */ = {isa = PBXBuildFile; fileRef = 8008B7D51CFF741300C4FAE4 /* MainNavigationController.swift */; };
		8008B7D81CFF74D900C4FAE4 /* Colors.swift in Sources */ = {isa = PBXBuildFile; fileRef = 8008B7D71CFF74D900C4FAE4 /* Colors.swift */; };
		8008B7DA1CFF7D3300C4FAE4 /* ChatTextView.swift in Sources */ = {isa = PBXBuildFile; fileRef = 8008B7D91CFF7D3300C4FAE4 /* ChatTextView.swift */; };
		8012ED4A1D0FAC1A00652FE8 /* TesteViewController.swift in Sources */ = {isa = PBXBuildFile; fileRef = 8012ED491D0FAC1A00652FE8 /* TesteViewController.swift */; };
		8012ED4E1D109E2A00652FE8 /* ChatTextCell.swift in Sources */ = {isa = PBXBuildFile; fileRef = 8012ED4D1D109E2A00652FE8 /* ChatTextCell.swift */; };
		8012ED501D109FD800652FE8 /* ActiveLabel.swift in Sources */ = {isa = PBXBuildFile; fileRef = 8012ED4F1D109FD800652FE8 /* ActiveLabel.swift */; };
		8012ED521D109FE900652FE8 /* ActiveType.swift in Sources */ = {isa = PBXBuildFile; fileRef = 8012ED511D109FE900652FE8 /* ActiveType.swift */; };
		8012ED541D10A00F00652FE8 /* GMColor.swift in Sources */ = {isa = PBXBuildFile; fileRef = 8012ED531D10A00F00652FE8 /* GMColor.swift */; };
		8012ED561D10A1CF00652FE8 /* RegexParser.swift in Sources */ = {isa = PBXBuildFile; fileRef = 8012ED551D10A1CF00652FE8 /* RegexParser.swift */; };
		8012ED591D10AEE300652FE8 /* ViewOptions.swift in Sources */ = {isa = PBXBuildFile; fileRef = 8012ED581D10AEE300652FE8 /* ViewOptions.swift */; };
		8012ED651D12F9CC00652FE8 /* DoctorModel.swift in Sources */ = {isa = PBXBuildFile; fileRef = 8012ED641D12F9CC00652FE8 /* DoctorModel.swift */; };
		8012ED711D12FD6500652FE8 /* XMPPManager.swift in Sources */ = {isa = PBXBuildFile; fileRef = 8012ED701D12FD6500652FE8 /* XMPPManager.swift */; };
		8012ED731D12FE6400652FE8 /* MessageModel.swift in Sources */ = {isa = PBXBuildFile; fileRef = 8012ED721D12FE6400652FE8 /* MessageModel.swift */; };
		8012ED751D13759600652FE8 /* UserModel.swift in Sources */ = {isa = PBXBuildFile; fileRef = 8012ED741D13759600652FE8 /* UserModel.swift */; };
		80180E481D02371400AA0AC9 /* DAOFile.swift in Sources */ = {isa = PBXBuildFile; fileRef = 80180E471D02371400AA0AC9 /* DAOFile.swift */; };
		80180E4C1D02379000AA0AC9 /* File.swift in Sources */ = {isa = PBXBuildFile; fileRef = 80180E4A1D02379000AA0AC9 /* File.swift */; };
		80180E551D02509800AA0AC9 /* Session.swift in Sources */ = {isa = PBXBuildFile; fileRef = 80180E531D02509800AA0AC9 /* Session.swift */; };
		80180E571D02521900AA0AC9 /* DAOSession.swift in Sources */ = {isa = PBXBuildFile; fileRef = 80180E561D02521900AA0AC9 /* DAOSession.swift */; };
		80180E5C1D0257FC00AA0AC9 /* Channel.swift in Sources */ = {isa = PBXBuildFile; fileRef = 80180E5A1D0257FC00AA0AC9 /* Channel.swift */; };
		80180E5E1D02613500AA0AC9 /* DAOChannel.swift in Sources */ = {isa = PBXBuildFile; fileRef = 80180E5D1D02613500AA0AC9 /* DAOChannel.swift */; };
		80180E611D02708F00AA0AC9 /* Extensions.swift in Sources */ = {isa = PBXBuildFile; fileRef = 80180E601D02708F00AA0AC9 /* Extensions.swift */; };
		80180E631D02765F00AA0AC9 /* ChatApplication.swift in Sources */ = {isa = PBXBuildFile; fileRef = 80180E621D02765F00AA0AC9 /* ChatApplication.swift */; };
		80A7D9C71CFE4E5800BE52EB /* AppDelegate.swift in Sources */ = {isa = PBXBuildFile; fileRef = 80A7D9C61CFE4E5800BE52EB /* AppDelegate.swift */; };
		80A7D9CF1CFE4E5800BE52EB /* DOCPadChat.xcdatamodeld in Sources */ = {isa = PBXBuildFile; fileRef = 80A7D9CD1CFE4E5800BE52EB /* DOCPadChat.xcdatamodeld */; };
		80A7D9D11CFE4E5800BE52EB /* Assets.xcassets in Resources */ = {isa = PBXBuildFile; fileRef = 80A7D9D01CFE4E5800BE52EB /* Assets.xcassets */; };
		80A7D9D41CFE4E5800BE52EB /* LaunchScreen.storyboard in Resources */ = {isa = PBXBuildFile; fileRef = 80A7D9D21CFE4E5800BE52EB /* LaunchScreen.storyboard */; };
		80A7D9DF1CFE4E5800BE52EB /* DOCPadChatTests.swift in Sources */ = {isa = PBXBuildFile; fileRef = 80A7D9DE1CFE4E5800BE52EB /* DOCPadChatTests.swift */; };
		80A7D9EA1CFE4E5800BE52EB /* DOCPadChatUITests.swift in Sources */ = {isa = PBXBuildFile; fileRef = 80A7D9E91CFE4E5800BE52EB /* DOCPadChatUITests.swift */; };
		80D7317F1D2C917400B0170A /* AudioController.swift in Sources */ = {isa = PBXBuildFile; fileRef = 80D7317E1D2C917400B0170A /* AudioController.swift */; };
		80E6D0491D03686B00ECDBC7 /* Message.swift in Sources */ = {isa = PBXBuildFile; fileRef = 80E6D0471D03686B00ECDBC7 /* Message.swift */; };
		80E6D04C1D036D1B00ECDBC7 /* DAOMessage.swift in Sources */ = {isa = PBXBuildFile; fileRef = 80E6D04B1D036D1B00ECDBC7 /* DAOMessage.swift */; };
		80E6D04E1D037D9100ECDBC7 /* Simulation.swift in Sources */ = {isa = PBXBuildFile; fileRef = 80E6D04D1D037D9100ECDBC7 /* Simulation.swift */; };
		80E6D0501D03819400ECDBC7 /* ChatEvents.swift in Sources */ = {isa = PBXBuildFile; fileRef = 80E6D04F1D03819400ECDBC7 /* ChatEvents.swift */; };
		80E6D0521D03819B00ECDBC7 /* ChatNotifications.swift in Sources */ = {isa = PBXBuildFile; fileRef = 80E6D0511D03819B00ECDBC7 /* ChatNotifications.swift */; };
		80F2C3841CFFC28A008EDE2B /* DAOUser.swift in Sources */ = {isa = PBXBuildFile; fileRef = 80F2C3821CFFC28A008EDE2B /* DAOUser.swift */; };
		80F2C3851CFFC28A008EDE2B /* User.swift in Sources */ = {isa = PBXBuildFile; fileRef = 80F2C3831CFFC28A008EDE2B /* User.swift */; };
		F61DBCE31CFF7DC70040A287 /* SentMediaController.swift in Sources */ = {isa = PBXBuildFile; fileRef = F61DBCE21CFF7DC70040A287 /* SentMediaController.swift */; };
		F61DBCE51CFF7DDB0040A287 /* SentMediaView.swift in Sources */ = {isa = PBXBuildFile; fileRef = F61DBCE41CFF7DDB0040A287 /* SentMediaView.swift */; };
		F61DBCE71CFF8BFA0040A287 /* SentMediaCell.swift in Sources */ = {isa = PBXBuildFile; fileRef = F61DBCE61CFF8BFA0040A287 /* SentMediaCell.swift */; };
		F61DBCEA1CFF92450040A287 /* SentImageView.swift in Sources */ = {isa = PBXBuildFile; fileRef = F61DBCE91CFF92450040A287 /* SentImageView.swift */; };
		F6579F701D1CA4230097FA47 /* ChatImageCell.swift in Sources */ = {isa = PBXBuildFile; fileRef = F6579F6F1D1CA4230097FA47 /* ChatImageCell.swift */; };
		F66D23121D010D9500B7F466 /* ReceivedImageView.swift in Sources */ = {isa = PBXBuildFile; fileRef = F66D23111D010D9500B7F466 /* ReceivedImageView.swift */; };
		F68683B71D2B5C70007DAE44 /* ImageEditionView.swift in Sources */ = {isa = PBXBuildFile; fileRef = F68683B61D2B5C70007DAE44 /* ImageEditionView.swift */; };
		F68683B91D2B5CBE007DAE44 /* ImageEditionController.swift in Sources */ = {isa = PBXBuildFile; fileRef = F68683B81D2B5CBE007DAE44 /* ImageEditionController.swift */; };
/* End PBXBuildFile section */

/* Begin PBXContainerItemProxy section */
		80A7D9DB1CFE4E5800BE52EB /* PBXContainerItemProxy */ = {
			isa = PBXContainerItemProxy;
			containerPortal = 80A7D9BB1CFE4E5800BE52EB /* Project object */;
			proxyType = 1;
			remoteGlobalIDString = 80A7D9C21CFE4E5800BE52EB;
			remoteInfo = DOCPadChat;
		};
		80A7D9E61CFE4E5800BE52EB /* PBXContainerItemProxy */ = {
			isa = PBXContainerItemProxy;
			containerPortal = 80A7D9BB1CFE4E5800BE52EB /* Project object */;
			proxyType = 1;
			remoteGlobalIDString = 80A7D9C21CFE4E5800BE52EB;
			remoteInfo = DOCPadChat;
		};
/* End PBXContainerItemProxy section */

/* Begin PBXFileReference section */
		2891FA5DFC905E399E625E48 /* Pods-DOCPadChat.release.xcconfig */ = {isa = PBXFileReference; includeInIndex = 1; lastKnownFileType = text.xcconfig; name = "Pods-DOCPadChat.release.xcconfig"; path = "Pods/Target Support Files/Pods-DOCPadChat/Pods-DOCPadChat.release.xcconfig"; sourceTree = "<group>"; };
		701C5E665FE629F7100C8134 /* Pods_DOCPadChat.framework */ = {isa = PBXFileReference; explicitFileType = wrapper.framework; includeInIndex = 0; path = Pods_DOCPadChat.framework; sourceTree = BUILT_PRODUCTS_DIR; };
		8008B7CA1CFF6F1E00C4FAE4 /* ChatController.swift */ = {isa = PBXFileReference; fileEncoding = 4; lastKnownFileType = sourcecode.swift; path = ChatController.swift; sourceTree = "<group>"; };
		8008B7CC1CFF6F2C00C4FAE4 /* ChatView.swift */ = {isa = PBXFileReference; fileEncoding = 4; lastKnownFileType = sourcecode.swift; path = ChatView.swift; sourceTree = "<group>"; };
		8008B7D01CFF701A00C4FAE4 /* UsefulFunctions.swift */ = {isa = PBXFileReference; fileEncoding = 4; lastKnownFileType = sourcecode.swift; path = UsefulFunctions.swift; sourceTree = "<group>"; };
		8008B7D21CFF71A200C4FAE4 /* ChatMessageBar.swift */ = {isa = PBXFileReference; fileEncoding = 4; lastKnownFileType = sourcecode.swift; path = ChatMessageBar.swift; sourceTree = "<group>"; };
		8008B7D51CFF741300C4FAE4 /* MainNavigationController.swift */ = {isa = PBXFileReference; fileEncoding = 4; lastKnownFileType = sourcecode.swift; path = MainNavigationController.swift; sourceTree = "<group>"; };
		8008B7D71CFF74D900C4FAE4 /* Colors.swift */ = {isa = PBXFileReference; fileEncoding = 4; lastKnownFileType = sourcecode.swift; path = Colors.swift; sourceTree = "<group>"; };
		8008B7D91CFF7D3300C4FAE4 /* ChatTextView.swift */ = {isa = PBXFileReference; fileEncoding = 4; lastKnownFileType = sourcecode.swift; path = ChatTextView.swift; sourceTree = "<group>"; };
		8012ED491D0FAC1A00652FE8 /* TesteViewController.swift */ = {isa = PBXFileReference; fileEncoding = 4; lastKnownFileType = sourcecode.swift; path = TesteViewController.swift; sourceTree = "<group>"; };
		8012ED4D1D109E2A00652FE8 /* ChatTextCell.swift */ = {isa = PBXFileReference; fileEncoding = 4; lastKnownFileType = sourcecode.swift; path = ChatTextCell.swift; sourceTree = "<group>"; };
		8012ED4F1D109FD800652FE8 /* ActiveLabel.swift */ = {isa = PBXFileReference; fileEncoding = 4; lastKnownFileType = sourcecode.swift; path = ActiveLabel.swift; sourceTree = "<group>"; };
		8012ED511D109FE900652FE8 /* ActiveType.swift */ = {isa = PBXFileReference; fileEncoding = 4; lastKnownFileType = sourcecode.swift; path = ActiveType.swift; sourceTree = "<group>"; };
		8012ED531D10A00F00652FE8 /* GMColor.swift */ = {isa = PBXFileReference; fileEncoding = 4; lastKnownFileType = sourcecode.swift; path = GMColor.swift; sourceTree = "<group>"; };
		8012ED551D10A1CF00652FE8 /* RegexParser.swift */ = {isa = PBXFileReference; fileEncoding = 4; lastKnownFileType = sourcecode.swift; path = RegexParser.swift; sourceTree = "<group>"; };
		8012ED581D10AEE300652FE8 /* ViewOptions.swift */ = {isa = PBXFileReference; fileEncoding = 4; lastKnownFileType = sourcecode.swift; path = ViewOptions.swift; sourceTree = "<group>"; };
		8012ED641D12F9CC00652FE8 /* DoctorModel.swift */ = {isa = PBXFileReference; fileEncoding = 4; lastKnownFileType = sourcecode.swift; path = DoctorModel.swift; sourceTree = "<group>"; };
		8012ED701D12FD6500652FE8 /* XMPPManager.swift */ = {isa = PBXFileReference; fileEncoding = 4; lastKnownFileType = sourcecode.swift; path = XMPPManager.swift; sourceTree = "<group>"; };
		8012ED721D12FE6400652FE8 /* MessageModel.swift */ = {isa = PBXFileReference; fileEncoding = 4; lastKnownFileType = sourcecode.swift; path = MessageModel.swift; sourceTree = "<group>"; };
		8012ED741D13759600652FE8 /* UserModel.swift */ = {isa = PBXFileReference; fileEncoding = 4; lastKnownFileType = sourcecode.swift; path = UserModel.swift; sourceTree = "<group>"; };
		80180E471D02371400AA0AC9 /* DAOFile.swift */ = {isa = PBXFileReference; fileEncoding = 4; lastKnownFileType = sourcecode.swift; path = DAOFile.swift; sourceTree = "<group>"; };
		80180E4A1D02379000AA0AC9 /* File.swift */ = {isa = PBXFileReference; fileEncoding = 4; lastKnownFileType = sourcecode.swift; path = File.swift; sourceTree = "<group>"; };
		80180E531D02509800AA0AC9 /* Session.swift */ = {isa = PBXFileReference; fileEncoding = 4; lastKnownFileType = sourcecode.swift; path = Session.swift; sourceTree = "<group>"; };
		80180E561D02521900AA0AC9 /* DAOSession.swift */ = {isa = PBXFileReference; fileEncoding = 4; lastKnownFileType = sourcecode.swift; path = DAOSession.swift; sourceTree = "<group>"; };
		80180E5A1D0257FC00AA0AC9 /* Channel.swift */ = {isa = PBXFileReference; fileEncoding = 4; lastKnownFileType = sourcecode.swift; path = Channel.swift; sourceTree = "<group>"; };
		80180E5D1D02613500AA0AC9 /* DAOChannel.swift */ = {isa = PBXFileReference; fileEncoding = 4; lastKnownFileType = sourcecode.swift; path = DAOChannel.swift; sourceTree = "<group>"; };
		80180E601D02708F00AA0AC9 /* Extensions.swift */ = {isa = PBXFileReference; fileEncoding = 4; lastKnownFileType = sourcecode.swift; path = Extensions.swift; sourceTree = "<group>"; };
		80180E621D02765F00AA0AC9 /* ChatApplication.swift */ = {isa = PBXFileReference; fileEncoding = 4; lastKnownFileType = sourcecode.swift; path = ChatApplication.swift; sourceTree = "<group>"; };
		80A7D9C31CFE4E5800BE52EB /* DOCPadChat.app */ = {isa = PBXFileReference; explicitFileType = wrapper.application; includeInIndex = 0; path = DOCPadChat.app; sourceTree = BUILT_PRODUCTS_DIR; };
		80A7D9C61CFE4E5800BE52EB /* AppDelegate.swift */ = {isa = PBXFileReference; lastKnownFileType = sourcecode.swift; path = AppDelegate.swift; sourceTree = "<group>"; };
		80A7D9CE1CFE4E5800BE52EB /* DOCPadChat.xcdatamodel */ = {isa = PBXFileReference; lastKnownFileType = wrapper.xcdatamodel; path = DOCPadChat.xcdatamodel; sourceTree = "<group>"; };
		80A7D9D01CFE4E5800BE52EB /* Assets.xcassets */ = {isa = PBXFileReference; lastKnownFileType = folder.assetcatalog; path = Assets.xcassets; sourceTree = "<group>"; };
		80A7D9D31CFE4E5800BE52EB /* Base */ = {isa = PBXFileReference; lastKnownFileType = file.storyboard; name = Base; path = Base.lproj/LaunchScreen.storyboard; sourceTree = "<group>"; };
		80A7D9D51CFE4E5800BE52EB /* Info.plist */ = {isa = PBXFileReference; lastKnownFileType = text.plist.xml; path = Info.plist; sourceTree = "<group>"; };
		80A7D9DA1CFE4E5800BE52EB /* DOCPadChatTests.xctest */ = {isa = PBXFileReference; explicitFileType = wrapper.cfbundle; includeInIndex = 0; path = DOCPadChatTests.xctest; sourceTree = BUILT_PRODUCTS_DIR; };
		80A7D9DE1CFE4E5800BE52EB /* DOCPadChatTests.swift */ = {isa = PBXFileReference; lastKnownFileType = sourcecode.swift; path = DOCPadChatTests.swift; sourceTree = "<group>"; };
		80A7D9E01CFE4E5800BE52EB /* Info.plist */ = {isa = PBXFileReference; lastKnownFileType = text.plist.xml; path = Info.plist; sourceTree = "<group>"; };
		80A7D9E51CFE4E5800BE52EB /* DOCPadChatUITests.xctest */ = {isa = PBXFileReference; explicitFileType = wrapper.cfbundle; includeInIndex = 0; path = DOCPadChatUITests.xctest; sourceTree = BUILT_PRODUCTS_DIR; };
		80A7D9E91CFE4E5800BE52EB /* DOCPadChatUITests.swift */ = {isa = PBXFileReference; lastKnownFileType = sourcecode.swift; path = DOCPadChatUITests.swift; sourceTree = "<group>"; };
		80A7D9EB1CFE4E5800BE52EB /* Info.plist */ = {isa = PBXFileReference; lastKnownFileType = text.plist.xml; path = Info.plist; sourceTree = "<group>"; };
		80D7317E1D2C917400B0170A /* AudioController.swift */ = {isa = PBXFileReference; fileEncoding = 4; lastKnownFileType = sourcecode.swift; path = AudioController.swift; sourceTree = "<group>"; };
		80E6D0471D03686B00ECDBC7 /* Message.swift */ = {isa = PBXFileReference; fileEncoding = 4; lastKnownFileType = sourcecode.swift; path = Message.swift; sourceTree = "<group>"; };
		80E6D04B1D036D1B00ECDBC7 /* DAOMessage.swift */ = {isa = PBXFileReference; fileEncoding = 4; lastKnownFileType = sourcecode.swift; path = DAOMessage.swift; sourceTree = "<group>"; };
		80E6D04D1D037D9100ECDBC7 /* Simulation.swift */ = {isa = PBXFileReference; fileEncoding = 4; lastKnownFileType = sourcecode.swift; path = Simulation.swift; sourceTree = "<group>"; };
		80E6D04F1D03819400ECDBC7 /* ChatEvents.swift */ = {isa = PBXFileReference; fileEncoding = 4; lastKnownFileType = sourcecode.swift; path = ChatEvents.swift; sourceTree = "<group>"; };
		80E6D0511D03819B00ECDBC7 /* ChatNotifications.swift */ = {isa = PBXFileReference; fileEncoding = 4; lastKnownFileType = sourcecode.swift; path = ChatNotifications.swift; sourceTree = "<group>"; };
		80F2C3821CFFC28A008EDE2B /* DAOUser.swift */ = {isa = PBXFileReference; fileEncoding = 4; lastKnownFileType = sourcecode.swift; path = DAOUser.swift; sourceTree = "<group>"; };
		80F2C3831CFFC28A008EDE2B /* User.swift */ = {isa = PBXFileReference; fileEncoding = 4; lastKnownFileType = sourcecode.swift; path = User.swift; sourceTree = "<group>"; };
		C28C26F04A85FA70BB44B512 /* Pods-DOCPadChat.debug.xcconfig */ = {isa = PBXFileReference; includeInIndex = 1; lastKnownFileType = text.xcconfig; name = "Pods-DOCPadChat.debug.xcconfig"; path = "Pods/Target Support Files/Pods-DOCPadChat/Pods-DOCPadChat.debug.xcconfig"; sourceTree = "<group>"; };
		F61DBCE21CFF7DC70040A287 /* SentMediaController.swift */ = {isa = PBXFileReference; fileEncoding = 4; lastKnownFileType = sourcecode.swift; path = SentMediaController.swift; sourceTree = "<group>"; };
		F61DBCE41CFF7DDB0040A287 /* SentMediaView.swift */ = {isa = PBXFileReference; fileEncoding = 4; lastKnownFileType = sourcecode.swift; path = SentMediaView.swift; sourceTree = "<group>"; };
		F61DBCE61CFF8BFA0040A287 /* SentMediaCell.swift */ = {isa = PBXFileReference; fileEncoding = 4; lastKnownFileType = sourcecode.swift; path = SentMediaCell.swift; sourceTree = "<group>"; };
		F61DBCE91CFF92450040A287 /* SentImageView.swift */ = {isa = PBXFileReference; fileEncoding = 4; lastKnownFileType = sourcecode.swift; path = SentImageView.swift; sourceTree = "<group>"; };
		F6579F6F1D1CA4230097FA47 /* ChatImageCell.swift */ = {isa = PBXFileReference; fileEncoding = 4; lastKnownFileType = sourcecode.swift; path = ChatImageCell.swift; sourceTree = "<group>"; };
		F66D23111D010D9500B7F466 /* ReceivedImageView.swift */ = {isa = PBXFileReference; fileEncoding = 4; lastKnownFileType = sourcecode.swift; path = ReceivedImageView.swift; sourceTree = "<group>"; };
		F68683B61D2B5C70007DAE44 /* ImageEditionView.swift */ = {isa = PBXFileReference; fileEncoding = 4; lastKnownFileType = sourcecode.swift; path = ImageEditionView.swift; sourceTree = "<group>"; };
		F68683B81D2B5CBE007DAE44 /* ImageEditionController.swift */ = {isa = PBXFileReference; fileEncoding = 4; lastKnownFileType = sourcecode.swift; path = ImageEditionController.swift; sourceTree = "<group>"; };
/* End PBXFileReference section */

/* Begin PBXFrameworksBuildPhase section */
		80A7D9C01CFE4E5800BE52EB /* Frameworks */ = {
			isa = PBXFrameworksBuildPhase;
			buildActionMask = 2147483647;
			files = (
				6262C5F857986ED93005C262 /* Pods_DOCPadChat.framework in Frameworks */,
			);
			runOnlyForDeploymentPostprocessing = 0;
		};
		80A7D9D71CFE4E5800BE52EB /* Frameworks */ = {
			isa = PBXFrameworksBuildPhase;
			buildActionMask = 2147483647;
			files = (
			);
			runOnlyForDeploymentPostprocessing = 0;
		};
		80A7D9E21CFE4E5800BE52EB /* Frameworks */ = {
			isa = PBXFrameworksBuildPhase;
			buildActionMask = 2147483647;
			files = (
			);
			runOnlyForDeploymentPostprocessing = 0;
		};
/* End PBXFrameworksBuildPhase section */

/* Begin PBXGroup section */
		8008B7CE1CFF6F6200C4FAE4 /* View */ = {
			isa = PBXGroup;
			children = (
				8008B7D41CFF71A600C4FAE4 /* MessageBar */,
				8012ED571D10A1D500652FE8 /* Smart Label */,
				F61DBCE81CFF8C020040A287 /* Cells */,
				8012ED581D10AEE300652FE8 /* ViewOptions.swift */,
				8012ED531D10A00F00652FE8 /* GMColor.swift */,
				8008B7CC1CFF6F2C00C4FAE4 /* ChatView.swift */,
				F61DBCE41CFF7DDB0040A287 /* SentMediaView.swift */,
				F61DBCE91CFF92450040A287 /* SentImageView.swift */,
				F66D23111D010D9500B7F466 /* ReceivedImageView.swift */,
				F68683B61D2B5C70007DAE44 /* ImageEditionView.swift */,
			);
			name = View;
			sourceTree = "<group>";
		};
		8008B7CF1CFF6F6900C4FAE4 /* Controller */ = {
			isa = PBXGroup;
			children = (
				80D7317E1D2C917400B0170A /* AudioController.swift */,
				80E6D0531D0381A100ECDBC7 /* Chat Controller Tools */,
				8008B7D51CFF741300C4FAE4 /* MainNavigationController.swift */,
				8008B7CA1CFF6F1E00C4FAE4 /* ChatController.swift */,
				F61DBCE21CFF7DC70040A287 /* SentMediaController.swift */,
				F68683B81D2B5CBE007DAE44 /* ImageEditionController.swift */,
			);
			name = Controller;
			sourceTree = "<group>";
		};
		8008B7D41CFF71A600C4FAE4 /* MessageBar */ = {
			isa = PBXGroup;
			children = (
				8008B7D21CFF71A200C4FAE4 /* ChatMessageBar.swift */,
				8008B7D91CFF7D3300C4FAE4 /* ChatTextView.swift */,
			);
			name = MessageBar;
			sourceTree = "<group>";
		};
		8012ED571D10A1D500652FE8 /* Smart Label */ = {
			isa = PBXGroup;
			children = (
				8012ED4F1D109FD800652FE8 /* ActiveLabel.swift */,
				8012ED511D109FE900652FE8 /* ActiveType.swift */,
				8012ED551D10A1CF00652FE8 /* RegexParser.swift */,
			);
			name = "Smart Label";
			sourceTree = "<group>";
		};
		80180E4D1D0237AC00AA0AC9 /* FILE */ = {
			isa = PBXGroup;
			children = (
				80180E471D02371400AA0AC9 /* DAOFile.swift */,
				80180E4A1D02379000AA0AC9 /* File.swift */,
			);
			name = FILE;
			sourceTree = "<group>";
		};
		80180E581D02540200AA0AC9 /* SESSION */ = {
			isa = PBXGroup;
			children = (
				80180E531D02509800AA0AC9 /* Session.swift */,
				8012ED641D12F9CC00652FE8 /* DoctorModel.swift */,
				80180E561D02521900AA0AC9 /* DAOSession.swift */,
			);
			name = SESSION;
			sourceTree = "<group>";
		};
		80180E5F1D02613A00AA0AC9 /* CHANNEL */ = {
			isa = PBXGroup;
			children = (
				80180E5A1D0257FC00AA0AC9 /* Channel.swift */,
				80180E5D1D02613500AA0AC9 /* DAOChannel.swift */,
			);
			name = CHANNEL;
			sourceTree = "<group>";
		};
		80A7D9BA1CFE4E5800BE52EB = {
			isa = PBXGroup;
			children = (
				80A7D9C51CFE4E5800BE52EB /* DOCPadChat */,
				80A7D9DD1CFE4E5800BE52EB /* DOCPadChatTests */,
				80A7D9E81CFE4E5800BE52EB /* DOCPadChatUITests */,
				80A7D9C41CFE4E5800BE52EB /* Products */,
				A88C8B21C08355EDCAC77725 /* Pods */,
				DBA358734CBEDAF0805DC1CD /* Frameworks */,
			);
			sourceTree = "<group>";
		};
		80A7D9C41CFE4E5800BE52EB /* Products */ = {
			isa = PBXGroup;
			children = (
				80A7D9C31CFE4E5800BE52EB /* DOCPadChat.app */,
				80A7D9DA1CFE4E5800BE52EB /* DOCPadChatTests.xctest */,
				80A7D9E51CFE4E5800BE52EB /* DOCPadChatUITests.xctest */,
			);
			name = Products;
			sourceTree = "<group>";
		};
		80A7D9C51CFE4E5800BE52EB /* DOCPadChat */ = {
			isa = PBXGroup;
			children = (
				8012ED491D0FAC1A00652FE8 /* TesteViewController.swift */,
				8008B7D01CFF701A00C4FAE4 /* UsefulFunctions.swift */,
				80180E601D02708F00AA0AC9 /* Extensions.swift */,
				8008B7D71CFF74D900C4FAE4 /* Colors.swift */,
				80A7D9C61CFE4E5800BE52EB /* AppDelegate.swift */,
				80E6D04D1D037D9100ECDBC7 /* Simulation.swift */,
				80F2C3871CFFC29B008EDE2B /* Model */,
				8012ED741D13759600652FE8 /* UserModel.swift */,
				8008B7CF1CFF6F6900C4FAE4 /* Controller */,
				8008B7CE1CFF6F6200C4FAE4 /* View */,
				80A7D9D01CFE4E5800BE52EB /* Assets.xcassets */,
				80A7D9D21CFE4E5800BE52EB /* LaunchScreen.storyboard */,
				80A7D9D51CFE4E5800BE52EB /* Info.plist */,
				80A7D9CD1CFE4E5800BE52EB /* DOCPadChat.xcdatamodeld */,
			);
			path = DOCPadChat;
			sourceTree = "<group>";
		};
		80A7D9DD1CFE4E5800BE52EB /* DOCPadChatTests */ = {
			isa = PBXGroup;
			children = (
				80A7D9DE1CFE4E5800BE52EB /* DOCPadChatTests.swift */,
				80A7D9E01CFE4E5800BE52EB /* Info.plist */,
			);
			path = DOCPadChatTests;
			sourceTree = "<group>";
		};
		80A7D9E81CFE4E5800BE52EB /* DOCPadChatUITests */ = {
			isa = PBXGroup;
			children = (
				80A7D9E91CFE4E5800BE52EB /* DOCPadChatUITests.swift */,
				80A7D9EB1CFE4E5800BE52EB /* Info.plist */,
			);
			path = DOCPadChatUITests;
			sourceTree = "<group>";
		};
		80E6D04A1D036D0800ECDBC7 /* MESSAGE */ = {
			isa = PBXGroup;
			children = (
				80E6D0471D03686B00ECDBC7 /* Message.swift */,
				8012ED721D12FE6400652FE8 /* MessageModel.swift */,
				80E6D04B1D036D1B00ECDBC7 /* DAOMessage.swift */,
			);
			name = MESSAGE;
			sourceTree = "<group>";
		};
		80E6D0531D0381A100ECDBC7 /* Chat Controller Tools */ = {
			isa = PBXGroup;
			children = (
				8012ED701D12FD6500652FE8 /* XMPPManager.swift */,
				80E6D0511D03819B00ECDBC7 /* ChatNotifications.swift */,
				80E6D04F1D03819400ECDBC7 /* ChatEvents.swift */,
				80180E621D02765F00AA0AC9 /* ChatApplication.swift */,
			);
			name = "Chat Controller Tools";
			sourceTree = "<group>";
		};
		80F2C3861CFFC28F008EDE2B /* USER */ = {
			isa = PBXGroup;
			children = (
				80F2C3821CFFC28A008EDE2B /* DAOUser.swift */,
				80F2C3831CFFC28A008EDE2B /* User.swift */,
			);
			name = USER;
			sourceTree = "<group>";
		};
		80F2C3871CFFC29B008EDE2B /* Model */ = {
			isa = PBXGroup;
			children = (
				80180E5F1D02613A00AA0AC9 /* CHANNEL */,
				80180E4D1D0237AC00AA0AC9 /* FILE */,
				80F2C3861CFFC28F008EDE2B /* USER */,
				80180E581D02540200AA0AC9 /* SESSION */,
				80E6D04A1D036D0800ECDBC7 /* MESSAGE */,
			);
			name = Model;
			sourceTree = "<group>";
		};
		A88C8B21C08355EDCAC77725 /* Pods */ = {
			isa = PBXGroup;
			children = (
				C28C26F04A85FA70BB44B512 /* Pods-DOCPadChat.debug.xcconfig */,
				2891FA5DFC905E399E625E48 /* Pods-DOCPadChat.release.xcconfig */,
			);
			name = Pods;
			sourceTree = "<group>";
		};
		DBA358734CBEDAF0805DC1CD /* Frameworks */ = {
			isa = PBXGroup;
			children = (
				701C5E665FE629F7100C8134 /* Pods_DOCPadChat.framework */,
			);
			name = Frameworks;
			sourceTree = "<group>";
		};
		F61DBCE81CFF8C020040A287 /* Cells */ = {
			isa = PBXGroup;
			children = (
				F61DBCE61CFF8BFA0040A287 /* SentMediaCell.swift */,
				8012ED4D1D109E2A00652FE8 /* ChatTextCell.swift */,
				F6579F6F1D1CA4230097FA47 /* ChatImageCell.swift */,
			);
			name = Cells;
			sourceTree = "<group>";
		};
/* End PBXGroup section */

/* Begin PBXNativeTarget section */
		80A7D9C21CFE4E5800BE52EB /* DOCPadChat */ = {
			isa = PBXNativeTarget;
			buildConfigurationList = 80A7D9EE1CFE4E5800BE52EB /* Build configuration list for PBXNativeTarget "DOCPadChat" */;
			buildPhases = (
				D3E11D3806D54B09220FA919 /* Check Pods Manifest.lock */,
				80A7D9BF1CFE4E5800BE52EB /* Sources */,
				80A7D9C01CFE4E5800BE52EB /* Frameworks */,
				80A7D9C11CFE4E5800BE52EB /* Resources */,
				907FCB7B0C4E4CF5DF8D688B /* Embed Pods Frameworks */,
				4FA91BE2337F765880E90B12 /* Copy Pods Resources */,
			);
			buildRules = (
			);
			dependencies = (
			);
			name = DOCPadChat;
			productName = DOCPadChat;
			productReference = 80A7D9C31CFE4E5800BE52EB /* DOCPadChat.app */;
			productType = "com.apple.product-type.application";
		};
		80A7D9D91CFE4E5800BE52EB /* DOCPadChatTests */ = {
			isa = PBXNativeTarget;
			buildConfigurationList = 80A7D9F11CFE4E5800BE52EB /* Build configuration list for PBXNativeTarget "DOCPadChatTests" */;
			buildPhases = (
				80A7D9D61CFE4E5800BE52EB /* Sources */,
				80A7D9D71CFE4E5800BE52EB /* Frameworks */,
				80A7D9D81CFE4E5800BE52EB /* Resources */,
			);
			buildRules = (
			);
			dependencies = (
				80A7D9DC1CFE4E5800BE52EB /* PBXTargetDependency */,
			);
			name = DOCPadChatTests;
			productName = DOCPadChatTests;
			productReference = 80A7D9DA1CFE4E5800BE52EB /* DOCPadChatTests.xctest */;
			productType = "com.apple.product-type.bundle.unit-test";
		};
		80A7D9E41CFE4E5800BE52EB /* DOCPadChatUITests */ = {
			isa = PBXNativeTarget;
			buildConfigurationList = 80A7D9F41CFE4E5800BE52EB /* Build configuration list for PBXNativeTarget "DOCPadChatUITests" */;
			buildPhases = (
				80A7D9E11CFE4E5800BE52EB /* Sources */,
				80A7D9E21CFE4E5800BE52EB /* Frameworks */,
				80A7D9E31CFE4E5800BE52EB /* Resources */,
			);
			buildRules = (
			);
			dependencies = (
				80A7D9E71CFE4E5800BE52EB /* PBXTargetDependency */,
			);
			name = DOCPadChatUITests;
			productName = DOCPadChatUITests;
			productReference = 80A7D9E51CFE4E5800BE52EB /* DOCPadChatUITests.xctest */;
			productType = "com.apple.product-type.bundle.ui-testing";
		};
/* End PBXNativeTarget section */

/* Begin PBXProject section */
		80A7D9BB1CFE4E5800BE52EB /* Project object */ = {
			isa = PBXProject;
			attributes = {
				LastSwiftUpdateCheck = 0730;
				LastUpgradeCheck = 0730;
				ORGANIZATIONNAME = "Filipo Negrao";
				TargetAttributes = {
					80A7D9C21CFE4E5800BE52EB = {
						CreatedOnToolsVersion = 7.3.1;
					};
					80A7D9D91CFE4E5800BE52EB = {
						CreatedOnToolsVersion = 7.3.1;
						TestTargetID = 80A7D9C21CFE4E5800BE52EB;
					};
					80A7D9E41CFE4E5800BE52EB = {
						CreatedOnToolsVersion = 7.3.1;
						TestTargetID = 80A7D9C21CFE4E5800BE52EB;
					};
				};
			};
			buildConfigurationList = 80A7D9BE1CFE4E5800BE52EB /* Build configuration list for PBXProject "DOCPadChat" */;
			compatibilityVersion = "Xcode 3.2";
			developmentRegion = English;
			hasScannedForEncodings = 0;
			knownRegions = (
				en,
				Base,
			);
			mainGroup = 80A7D9BA1CFE4E5800BE52EB;
			productRefGroup = 80A7D9C41CFE4E5800BE52EB /* Products */;
			projectDirPath = "";
			projectRoot = "";
			targets = (
				80A7D9C21CFE4E5800BE52EB /* DOCPadChat */,
				80A7D9D91CFE4E5800BE52EB /* DOCPadChatTests */,
				80A7D9E41CFE4E5800BE52EB /* DOCPadChatUITests */,
			);
		};
/* End PBXProject section */

/* Begin PBXResourcesBuildPhase section */
		80A7D9C11CFE4E5800BE52EB /* Resources */ = {
			isa = PBXResourcesBuildPhase;
			buildActionMask = 2147483647;
			files = (
				80A7D9D41CFE4E5800BE52EB /* LaunchScreen.storyboard in Resources */,
				80A7D9D11CFE4E5800BE52EB /* Assets.xcassets in Resources */,
			);
			runOnlyForDeploymentPostprocessing = 0;
		};
		80A7D9D81CFE4E5800BE52EB /* Resources */ = {
			isa = PBXResourcesBuildPhase;
			buildActionMask = 2147483647;
			files = (
			);
			runOnlyForDeploymentPostprocessing = 0;
		};
		80A7D9E31CFE4E5800BE52EB /* Resources */ = {
			isa = PBXResourcesBuildPhase;
			buildActionMask = 2147483647;
			files = (
			);
			runOnlyForDeploymentPostprocessing = 0;
		};
/* End PBXResourcesBuildPhase section */

/* Begin PBXShellScriptBuildPhase section */
		4FA91BE2337F765880E90B12 /* Copy Pods Resources */ = {
			isa = PBXShellScriptBuildPhase;
			buildActionMask = 2147483647;
			files = (
			);
			inputPaths = (
			);
			name = "Copy Pods Resources";
			outputPaths = (
			);
			runOnlyForDeploymentPostprocessing = 0;
			shellPath = /bin/sh;
			shellScript = "\"${SRCROOT}/Pods/Target Support Files/Pods-DOCPadChat/Pods-DOCPadChat-resources.sh\"\n";
			showEnvVarsInLog = 0;
		};
		907FCB7B0C4E4CF5DF8D688B /* Embed Pods Frameworks */ = {
			isa = PBXShellScriptBuildPhase;
			buildActionMask = 2147483647;
			files = (
			);
			inputPaths = (
			);
			name = "Embed Pods Frameworks";
			outputPaths = (
			);
			runOnlyForDeploymentPostprocessing = 0;
			shellPath = /bin/sh;
			shellScript = "\"${SRCROOT}/Pods/Target Support Files/Pods-DOCPadChat/Pods-DOCPadChat-frameworks.sh\"\n";
			showEnvVarsInLog = 0;
		};
		D3E11D3806D54B09220FA919 /* Check Pods Manifest.lock */ = {
			isa = PBXShellScriptBuildPhase;
			buildActionMask = 2147483647;
			files = (
			);
			inputPaths = (
			);
			name = "Check Pods Manifest.lock";
			outputPaths = (
			);
			runOnlyForDeploymentPostprocessing = 0;
			shellPath = /bin/sh;
			shellScript = "diff \"${PODS_ROOT}/../Podfile.lock\" \"${PODS_ROOT}/Manifest.lock\" > /dev/null\nif [[ $? != 0 ]] ; then\n    cat << EOM\nerror: The sandbox is not in sync with the Podfile.lock. Run 'pod install' or update your CocoaPods installation.\nEOM\n    exit 1\nfi\n";
			showEnvVarsInLog = 0;
		};
/* End PBXShellScriptBuildPhase section */

/* Begin PBXSourcesBuildPhase section */
		80A7D9BF1CFE4E5800BE52EB /* Sources */ = {
			isa = PBXSourcesBuildPhase;
			buildActionMask = 2147483647;
			files = (
				F68683B91D2B5CBE007DAE44 /* ImageEditionController.swift in Sources */,
				80180E611D02708F00AA0AC9 /* Extensions.swift in Sources */,
				8008B7DA1CFF7D3300C4FAE4 /* ChatTextView.swift in Sources */,
				80A7D9CF1CFE4E5800BE52EB /* DOCPadChat.xcdatamodeld in Sources */,
				F61DBCE71CFF8BFA0040A287 /* SentMediaCell.swift in Sources */,
				80E6D0501D03819400ECDBC7 /* ChatEvents.swift in Sources */,
				F61DBCEA1CFF92450040A287 /* SentImageView.swift in Sources */,
				F61DBCE31CFF7DC70040A287 /* SentMediaController.swift in Sources */,
				80E6D04C1D036D1B00ECDBC7 /* DAOMessage.swift in Sources */,
				8012ED501D109FD800652FE8 /* ActiveLabel.swift in Sources */,
				8012ED4A1D0FAC1A00652FE8 /* TesteViewController.swift in Sources */,
				8012ED521D109FE900652FE8 /* ActiveType.swift in Sources */,
				80180E5E1D02613500AA0AC9 /* DAOChannel.swift in Sources */,
				8008B7D81CFF74D900C4FAE4 /* Colors.swift in Sources */,
				80180E5C1D0257FC00AA0AC9 /* Channel.swift in Sources */,
				80E6D0491D03686B00ECDBC7 /* Message.swift in Sources */,
				8012ED541D10A00F00652FE8 /* GMColor.swift in Sources */,
				8008B7CD1CFF6F2C00C4FAE4 /* ChatView.swift in Sources */,
				80180E4C1D02379000AA0AC9 /* File.swift in Sources */,
				8012ED751D13759600652FE8 /* UserModel.swift in Sources */,
				80180E571D02521900AA0AC9 /* DAOSession.swift in Sources */,
				8012ED731D12FE6400652FE8 /* MessageModel.swift in Sources */,
				80D7317F1D2C917400B0170A /* AudioController.swift in Sources */,
				80180E631D02765F00AA0AC9 /* ChatApplication.swift in Sources */,
				80A7D9C71CFE4E5800BE52EB /* AppDelegate.swift in Sources */,
				F68683B71D2B5C70007DAE44 /* ImageEditionView.swift in Sources */,
				80E6D04E1D037D9100ECDBC7 /* Simulation.swift in Sources */,
				F6579F701D1CA4230097FA47 /* ChatImageCell.swift in Sources */,
				8012ED4E1D109E2A00652FE8 /* ChatTextCell.swift in Sources */,
				8012ED591D10AEE300652FE8 /* ViewOptions.swift in Sources */,
				80F2C3851CFFC28A008EDE2B /* User.swift in Sources */,
				80180E551D02509800AA0AC9 /* Session.swift in Sources */,
				8008B7D31CFF71A200C4FAE4 /* ChatMessageBar.swift in Sources */,
				8008B7D61CFF741300C4FAE4 /* MainNavigationController.swift in Sources */,
				8008B7D11CFF701A00C4FAE4 /* UsefulFunctions.swift in Sources */,
				80180E481D02371400AA0AC9 /* DAOFile.swift in Sources */,
				8012ED651D12F9CC00652FE8 /* DoctorModel.swift in Sources */,
				80E6D0521D03819B00ECDBC7 /* ChatNotifications.swift in Sources */,
				8012ED561D10A1CF00652FE8 /* RegexParser.swift in Sources */,
				8008B7CB1CFF6F1E00C4FAE4 /* ChatController.swift in Sources */,
				8012ED711D12FD6500652FE8 /* XMPPManager.swift in Sources */,
				F61DBCE51CFF7DDB0040A287 /* SentMediaView.swift in Sources */,
				80F2C3841CFFC28A008EDE2B /* DAOUser.swift in Sources */,
				F66D23121D010D9500B7F466 /* ReceivedImageView.swift in Sources */,
			);
			runOnlyForDeploymentPostprocessing = 0;
		};
		80A7D9D61CFE4E5800BE52EB /* Sources */ = {
			isa = PBXSourcesBuildPhase;
			buildActionMask = 2147483647;
			files = (
				80A7D9DF1CFE4E5800BE52EB /* DOCPadChatTests.swift in Sources */,
			);
			runOnlyForDeploymentPostprocessing = 0;
		};
		80A7D9E11CFE4E5800BE52EB /* Sources */ = {
			isa = PBXSourcesBuildPhase;
			buildActionMask = 2147483647;
			files = (
				80A7D9EA1CFE4E5800BE52EB /* DOCPadChatUITests.swift in Sources */,
			);
			runOnlyForDeploymentPostprocessing = 0;
		};
/* End PBXSourcesBuildPhase section */

/* Begin PBXTargetDependency section */
		80A7D9DC1CFE4E5800BE52EB /* PBXTargetDependency */ = {
			isa = PBXTargetDependency;
			target = 80A7D9C21CFE4E5800BE52EB /* DOCPadChat */;
			targetProxy = 80A7D9DB1CFE4E5800BE52EB /* PBXContainerItemProxy */;
		};
		80A7D9E71CFE4E5800BE52EB /* PBXTargetDependency */ = {
			isa = PBXTargetDependency;
			target = 80A7D9C21CFE4E5800BE52EB /* DOCPadChat */;
			targetProxy = 80A7D9E61CFE4E5800BE52EB /* PBXContainerItemProxy */;
		};
/* End PBXTargetDependency section */

/* Begin PBXVariantGroup section */
		80A7D9D21CFE4E5800BE52EB /* LaunchScreen.storyboard */ = {
			isa = PBXVariantGroup;
			children = (
				80A7D9D31CFE4E5800BE52EB /* Base */,
			);
			name = LaunchScreen.storyboard;
			sourceTree = "<group>";
		};
/* End PBXVariantGroup section */

/* Begin XCBuildConfiguration section */
		80A7D9EC1CFE4E5800BE52EB /* Debug */ = {
			isa = XCBuildConfiguration;
			buildSettings = {
				ALWAYS_SEARCH_USER_PATHS = NO;
				CLANG_ANALYZER_NONNULL = YES;
				CLANG_CXX_LANGUAGE_STANDARD = "gnu++0x";
				CLANG_CXX_LIBRARY = "libc++";
				CLANG_ENABLE_MODULES = YES;
				CLANG_ENABLE_OBJC_ARC = YES;
				CLANG_WARN_BOOL_CONVERSION = YES;
				CLANG_WARN_CONSTANT_CONVERSION = YES;
				CLANG_WARN_DIRECT_OBJC_ISA_USAGE = YES_ERROR;
				CLANG_WARN_EMPTY_BODY = YES;
				CLANG_WARN_ENUM_CONVERSION = YES;
				CLANG_WARN_INT_CONVERSION = YES;
				CLANG_WARN_OBJC_ROOT_CLASS = YES_ERROR;
				CLANG_WARN_UNREACHABLE_CODE = YES;
				CLANG_WARN__DUPLICATE_METHOD_MATCH = YES;
				"CODE_SIGN_IDENTITY[sdk=iphoneos*]" = "iPhone Developer";
				COPY_PHASE_STRIP = NO;
				DEBUG_INFORMATION_FORMAT = dwarf;
				ENABLE_STRICT_OBJC_MSGSEND = YES;
				ENABLE_TESTABILITY = YES;
				GCC_C_LANGUAGE_STANDARD = gnu99;
				GCC_DYNAMIC_NO_PIC = NO;
				GCC_NO_COMMON_BLOCKS = YES;
				GCC_OPTIMIZATION_LEVEL = 0;
				GCC_PREPROCESSOR_DEFINITIONS = (
					"DEBUG=1",
					"$(inherited)",
				);
				GCC_WARN_64_TO_32_BIT_CONVERSION = YES;
				GCC_WARN_ABOUT_RETURN_TYPE = YES_ERROR;
				GCC_WARN_UNDECLARED_SELECTOR = YES;
				GCC_WARN_UNINITIALIZED_AUTOS = YES_AGGRESSIVE;
				GCC_WARN_UNUSED_FUNCTION = YES;
				GCC_WARN_UNUSED_VARIABLE = YES;
				IPHONEOS_DEPLOYMENT_TARGET = 9.3;
				MTL_ENABLE_DEBUG_INFO = YES;
				ONLY_ACTIVE_ARCH = YES;
				SDKROOT = iphoneos;
				SWIFT_OPTIMIZATION_LEVEL = "-Onone";
			};
			name = Debug;
		};
		80A7D9ED1CFE4E5800BE52EB /* Release */ = {
			isa = XCBuildConfiguration;
			buildSettings = {
				ALWAYS_SEARCH_USER_PATHS = NO;
				CLANG_ANALYZER_NONNULL = YES;
				CLANG_CXX_LANGUAGE_STANDARD = "gnu++0x";
				CLANG_CXX_LIBRARY = "libc++";
				CLANG_ENABLE_MODULES = YES;
				CLANG_ENABLE_OBJC_ARC = YES;
				CLANG_WARN_BOOL_CONVERSION = YES;
				CLANG_WARN_CONSTANT_CONVERSION = YES;
				CLANG_WARN_DIRECT_OBJC_ISA_USAGE = YES_ERROR;
				CLANG_WARN_EMPTY_BODY = YES;
				CLANG_WARN_ENUM_CONVERSION = YES;
				CLANG_WARN_INT_CONVERSION = YES;
				CLANG_WARN_OBJC_ROOT_CLASS = YES_ERROR;
				CLANG_WARN_UNREACHABLE_CODE = YES;
				CLANG_WARN__DUPLICATE_METHOD_MATCH = YES;
				"CODE_SIGN_IDENTITY[sdk=iphoneos*]" = "iPhone Developer";
				COPY_PHASE_STRIP = NO;
				DEBUG_INFORMATION_FORMAT = "dwarf-with-dsym";
				ENABLE_NS_ASSERTIONS = NO;
				ENABLE_STRICT_OBJC_MSGSEND = YES;
				GCC_C_LANGUAGE_STANDARD = gnu99;
				GCC_NO_COMMON_BLOCKS = YES;
				GCC_WARN_64_TO_32_BIT_CONVERSION = YES;
				GCC_WARN_ABOUT_RETURN_TYPE = YES_ERROR;
				GCC_WARN_UNDECLARED_SELECTOR = YES;
				GCC_WARN_UNINITIALIZED_AUTOS = YES_AGGRESSIVE;
				GCC_WARN_UNUSED_FUNCTION = YES;
				GCC_WARN_UNUSED_VARIABLE = YES;
				IPHONEOS_DEPLOYMENT_TARGET = 9.3;
				MTL_ENABLE_DEBUG_INFO = NO;
				SDKROOT = iphoneos;
				VALIDATE_PRODUCT = YES;
			};
			name = Release;
		};
		80A7D9EF1CFE4E5800BE52EB /* Debug */ = {
			isa = XCBuildConfiguration;
			baseConfigurationReference = C28C26F04A85FA70BB44B512 /* Pods-DOCPadChat.debug.xcconfig */;
			buildSettings = {
				ASSETCATALOG_COMPILER_APPICON_NAME = AppIcon;
				CLANG_ENABLE_MODULES = YES;
				INFOPLIST_FILE = DOCPadChat/Info.plist;
				LD_RUNPATH_SEARCH_PATHS = "$(inherited) @executable_path/Frameworks";
				PRODUCT_BUNDLE_IDENTIFIER = FilipoNegrao.DOCPadChat;
				PRODUCT_NAME = "$(TARGET_NAME)";
				SWIFT_OBJC_BRIDGING_HEADER = "";
				SWIFT_OPTIMIZATION_LEVEL = "-Onone";
			};
			name = Debug;
		};
		80A7D9F01CFE4E5800BE52EB /* Release */ = {
			isa = XCBuildConfiguration;
			baseConfigurationReference = 2891FA5DFC905E399E625E48 /* Pods-DOCPadChat.release.xcconfig */;
			buildSettings = {
				ASSETCATALOG_COMPILER_APPICON_NAME = AppIcon;
				CLANG_ENABLE_MODULES = YES;
				INFOPLIST_FILE = DOCPadChat/Info.plist;
				LD_RUNPATH_SEARCH_PATHS = "$(inherited) @executable_path/Frameworks";
				PRODUCT_BUNDLE_IDENTIFIER = FilipoNegrao.DOCPadChat;
				PRODUCT_NAME = "$(TARGET_NAME)";
				SWIFT_OBJC_BRIDGING_HEADER = "";
			};
			name = Release;
		};
		80A7D9F21CFE4E5800BE52EB /* Debug */ = {
			isa = XCBuildConfiguration;
			buildSettings = {
				BUNDLE_LOADER = "$(TEST_HOST)";
				INFOPLIST_FILE = DOCPadChatTests/Info.plist;
				LD_RUNPATH_SEARCH_PATHS = "$(inherited) @executable_path/Frameworks @loader_path/Frameworks";
				PRODUCT_BUNDLE_IDENTIFIER = FilipoNegrao.DOCPadChatTests;
				PRODUCT_NAME = "$(TARGET_NAME)";
				TEST_HOST = "$(BUILT_PRODUCTS_DIR)/DOCPadChat.app/DOCPadChat";
			};
			name = Debug;
		};
		80A7D9F31CFE4E5800BE52EB /* Release */ = {
			isa = XCBuildConfiguration;
			buildSettings = {
				BUNDLE_LOADER = "$(TEST_HOST)";
				INFOPLIST_FILE = DOCPadChatTests/Info.plist;
				LD_RUNPATH_SEARCH_PATHS = "$(inherited) @executable_path/Frameworks @loader_path/Frameworks";
				PRODUCT_BUNDLE_IDENTIFIER = FilipoNegrao.DOCPadChatTests;
				PRODUCT_NAME = "$(TARGET_NAME)";
				TEST_HOST = "$(BUILT_PRODUCTS_DIR)/DOCPadChat.app/DOCPadChat";
			};
			name = Release;
		};
		80A7D9F51CFE4E5800BE52EB /* Debug */ = {
			isa = XCBuildConfiguration;
			buildSettings = {
				INFOPLIST_FILE = DOCPadChatUITests/Info.plist;
				LD_RUNPATH_SEARCH_PATHS = "$(inherited) @executable_path/Frameworks @loader_path/Frameworks";
				PRODUCT_BUNDLE_IDENTIFIER = FilipoNegrao.DOCPadChatUITests;
				PRODUCT_NAME = "$(TARGET_NAME)";
				TEST_TARGET_NAME = DOCPadChat;
			};
			name = Debug;
		};
		80A7D9F61CFE4E5800BE52EB /* Release */ = {
			isa = XCBuildConfiguration;
			buildSettings = {
				INFOPLIST_FILE = DOCPadChatUITests/Info.plist;
				LD_RUNPATH_SEARCH_PATHS = "$(inherited) @executable_path/Frameworks @loader_path/Frameworks";
				PRODUCT_BUNDLE_IDENTIFIER = FilipoNegrao.DOCPadChatUITests;
				PRODUCT_NAME = "$(TARGET_NAME)";
				TEST_TARGET_NAME = DOCPadChat;
			};
			name = Release;
		};
/* End XCBuildConfiguration section */

/* Begin XCConfigurationList section */
		80A7D9BE1CFE4E5800BE52EB /* Build configuration list for PBXProject "DOCPadChat" */ = {
			isa = XCConfigurationList;
			buildConfigurations = (
				80A7D9EC1CFE4E5800BE52EB /* Debug */,
				80A7D9ED1CFE4E5800BE52EB /* Release */,
			);
			defaultConfigurationIsVisible = 0;
			defaultConfigurationName = Release;
		};
		80A7D9EE1CFE4E5800BE52EB /* Build configuration list for PBXNativeTarget "DOCPadChat" */ = {
			isa = XCConfigurationList;
			buildConfigurations = (
				80A7D9EF1CFE4E5800BE52EB /* Debug */,
				80A7D9F01CFE4E5800BE52EB /* Release */,
			);
			defaultConfigurationIsVisible = 0;
			defaultConfigurationName = Release;
		};
		80A7D9F11CFE4E5800BE52EB /* Build configuration list for PBXNativeTarget "DOCPadChatTests" */ = {
			isa = XCConfigurationList;
			buildConfigurations = (
				80A7D9F21CFE4E5800BE52EB /* Debug */,
				80A7D9F31CFE4E5800BE52EB /* Release */,
			);
			defaultConfigurationIsVisible = 0;
			defaultConfigurationName = Release;
		};
		80A7D9F41CFE4E5800BE52EB /* Build configuration list for PBXNativeTarget "DOCPadChatUITests" */ = {
			isa = XCConfigurationList;
			buildConfigurations = (
				80A7D9F51CFE4E5800BE52EB /* Debug */,
				80A7D9F61CFE4E5800BE52EB /* Release */,
			);
			defaultConfigurationIsVisible = 0;
			defaultConfigurationName = Release;
		};
/* End XCConfigurationList section */

/* Begin XCVersionGroup section */
		80A7D9CD1CFE4E5800BE52EB /* DOCPadChat.xcdatamodeld */ = {
			isa = XCVersionGroup;
			children = (
				80A7D9CE1CFE4E5800BE52EB /* DOCPadChat.xcdatamodel */,
			);
			currentVersion = 80A7D9CE1CFE4E5800BE52EB /* DOCPadChat.xcdatamodel */;
			path = DOCPadChat.xcdatamodeld;
			sourceTree = "<group>";
			versionGroupType = wrapper.xcdatamodel;
		};
/* End XCVersionGroup section */
	};
	rootObject = 80A7D9BB1CFE4E5800BE52EB /* Project object */;
}
